
Microsoft Visual Studio Solution File, Format Version 12.00
# Visual Studio 2012
Project("{FAE04EC0-301F-11D3-BF4B-00C04F79EFBC}") = "Tuan12_HTTT_09DHTH6_SM11_BTVN", "Tuan12_HTTT_09DHTH6_SM11_BTVN\Tuan12_HTTT_09DHTH6_SM11_BTVN.csproj", "{FAE4E943-DEAB-444D-8D58-824C43691772}"
EndProject
Global
	GlobalSection(SolutionConfigurationPlatforms) = preSolution
		Debug|Any CPU = Debug|Any CPU
		Release|Any CPU = Release|Any CPU
	EndGlobalSection
	GlobalSection(ProjectConfigurationPlatforms) = postSolution
		{FAE4E943-DEAB-444D-8D58-824C43691772}.Debug|Any CPU.ActiveCfg = Debug|Any CPU
		{FAE4E943-DEAB-444D-8D58-824C43691772}.Debug|Any CPU.Build.0 = Debug|Any CPU
		{FAE4E943-DEAB-444D-8D58-824C43691772}.Release|Any CPU.ActiveCfg = Release|Any CPU
		{FAE4E943-DEAB-444D-8D58-824C43691772}.Release|Any CPU.Build.0 = Release|Any CPU
	EndGlobalSection
	GlobalSection(SolutionProperties) = preSolution
		HideSolutionNode = FALSE
	EndGlobalSection
EndGlobal
